github.com/admpub/once v0.0.1 h1:HiFavms0UQG08iR1cwE8N96StFEkv3Hvy2sjCLZD1dg=
github.com/admpub/once v0.0.1/go.mod h1:okXnIoCMU1fozAvmd+QfE/wDzhYODdWSYhEb4ZlcYPM=
github.com/admpub/osinfo v0.0.2 h1:Ekdc/jtnemVnazXvm4Hwi+NUuPu9s0epCvfYjnU4aho=
github.com/admpub/osinfo v0.0.2/go.mod h1:FvOIPD6Ty+OyjHVXN2DJyGaZHeScwZUoX3bWvSzpwHQ=
golang.org/x/sys v0.10.0 h1:SqMFp9UcQJZa+pmYuAKjd9xq1f0j5rLcDIk0mj4qAsA=
golang.org/x/sys v0.10.0/go.mod h1:oPkhp1MJrh7nUepCBck5+mAzfO9JrbApNNgaTdGDITg=
